
Microsoft Visual Studio Solution File, Format Version 12.00
# Visual Studio Version 16
VisualStudioVersion = 16.0.31313.79
MinimumVisualStudioVersion = 10.0.40219.1
Project("{9A19103F-16F7-4668-BE54-9A1E7A4F7556}") = "RoutingTest", "RoutingTest\RoutingTest.csproj", "{3F1595CC-0717-4CE6-81A0-0C2FF6873362}"
EndProject
Global
	GlobalSection(SolutionConfigurationPlatforms) = preSolution
		Debug|Any CPU = Debug|Any CPU
		Release|Any CPU = Release|Any CPU
	EndGlobalSection
	GlobalSection(ProjectConfigurationPlatforms) = postSolution
		{3F1595CC-0717-4CE6-81A0-0C2FF6873362}.Debug|Any CPU.ActiveCfg = Debug|Any CPU
		{3F1595CC-0717-4CE6-81A0-0C2FF6873362}.Debug|Any CPU.Build.0 = Debug|Any CPU
		{3F1595CC-0717-4CE6-81A0-0C2FF6873362}.Release|Any CPU.ActiveCfg = Release|Any CPU
		{3F1595CC-0717-4CE6-81A0-0C2FF6873362}.Release|Any CPU.Build.0 = Release|Any CPU
	EndGlobalSection
	GlobalSection(SolutionProperties) = preSolution
		HideSolutionNode = FALSE
	EndGlobalSection
	GlobalSection(ExtensibilityGlobals) = postSolution
		SolutionGuid = {43F73AF6-83DA-45BD-BDFC-88CE3725AA70}
	EndGlobalSection
EndGlobal
